hash: d9dd754fe98b7e31855232c75be540564b5fa196e94e2988496901d5c15e70bb
updated: 2018-01-16T11:40:44.457930049-08:00
imports:
- name: github.com/fsnotify/fsnotify
  version: fd9ec7deca8bf46ecd2a795baaacf2b3a9be1197
- name: github.com/gogo/protobuf
  version: 909568be09de550ed094403c2bf8a261b5bb730a
  subpackages:
  - proto
- name: github.com/golang/glog
  version: 23def4e6c14b4da8ac2ed8007337bc5eb5007998
- name: github.com/hashicorp/hcl
  version: 6e968a3fcdcbab092f5307fd0d85479d5af1e4dc
  subpackages:
  - hcl/ast
  - hcl/parser
  - hcl/scanner
  - hcl/strconv
  - hcl/token
  - json/parser
  - json/scanner
  - json/token
- name: github.com/kr/fs
  version: 2788f0dbd16903de03cb8186e5c7d97b69ad387b
- name: github.com/magiconair/properties
  version: 0723e352fa358f9322c938cc2dadda874e9151a9
- name: github.com/mesos/mesos-go
  version: 7228b13084ce3ea645dbf7c8ecb5704301a6eadf
  subpackages:
  - executor
  - mesosproto
  - mesosproto/scheduler
  - mesosutil
  - mesosutil/process
  - messenger
  - messenger/sessionid
  - upid
- name: github.com/mitchellh/mapstructure
  version: f3009df150dadf309fdee4a54ed65c124afad715
- name: github.com/pborman/uuid
  version: 1b00554d822231195d1babd97ff4a781231955c9
- name: github.com/pelletier/go-buffruneio
  version: df1e16fde7fc330a0ca68167c23bf7ed6ac31d6d
- name: github.com/pelletier/go-toml
  version: 45932ad32dfdd20826f5671da37a5f3ce9f26a8d
- name: github.com/pkg/errors
  version: 645ef00459ed84a119197bfb8d8205042c6df63d
- name: github.com/pkg/sftp
  version: 4d0e916071f68db74f8a73926335f809396d6b42
- name: github.com/sirupsen/logrus
  version: c078b1e43f58d563c74cebe63c85789e76ddb627
- name: github.com/spf13/afero
  version: 52e4a6cfac46163658bd4f123c49b6ee7dc75f78
  subpackages:
  - mem
  - sftp
- name: github.com/spf13/cast
  version: 2580bc98dc0e62908119e4737030cc2fdfc45e4c
- name: github.com/spf13/jwalterweatherman
  version: 33c24e77fb80341fe7130ee7c594256ff08ccc46
- name: github.com/spf13/pflag
  version: 5ccb023bc27df288a957c5e994cd44fd19619465
- name: github.com/spf13/viper
  version: 651d9d916abc3c3d6a91a12549495caba5edffd2
- name: golang.org/x/crypto
  version: 9477e0b78b9ac3d0b03822fd95422e2fe07627cd
  subpackages:
  - curve25519
  - ed25519
  - ed25519/internal/edwards25519
  - ssh
- name: golang.org/x/net
  version: 5ccada7d0a7ba9aeb5d3aca8d3501b4c2a509fec
  subpackages:
  - context
- name: golang.org/x/sys
  version: c200b10b5d5e122be351b67af224adc6128af5bf
  subpackages:
  - unix
- name: golang.org/x/text
  version: a8b38433e35b65ba247bb267317037dee1b70cea
  subpackages:
  - transform
  - unicode/norm
- name: gopkg.in/yaml.v2
  version: a5b47d31c556af34a302ce5d659e6fea44d90de0
- name: github.com/paypal/gorealis
  version: 9631aa3aab9964631946814fa0d8b99a133c982f
  subpackages:
  - gen-go/apache/aurora
  - response
testImports: []
