# This file is autogenerated, do not edit; changes may be undone by the next 'dep ensure'.


[[projects]]
  digest = "1:9752dad5e89cd779096bf2477a4ded16bea7ac62de453c8d6b4bf841d51a8512"
  name = "git.apache.org/thrift.git"
  packages = ["lib/go/thrift"]
  pruneopts = "UT"
  revision = "b2a4d4ae21c789b689dd162deb819665567f481c"
  version = "0.10.0"

[[projects]]
  digest = "1:ffe9824d294da03b391f44e1ae8281281b4afc1bdaa9588c9097785e3af10cec"
  name = "github.com/davecgh/go-spew"
  packages = ["spew"]
  pruneopts = "UT"
  revision = "8991bc29aa16c548c550c7ff78260e27b9ab7c73"
  version = "v1.1.1"

[[projects]]
  digest = "1:1521b1649e8ea39627989eed85f560b45faf3681d010ef4a1f4f065b8ea7b4f3"
  name = "github.com/fsnotify/fsnotify"
  packages = ["."]
  pruneopts = "UT"
  revision = "fd9ec7deca8bf46ecd2a795baaacf2b3a9be1197"

[[projects]]
  digest = "1:0b63103330247a895b69efdae32fadd1cb5c82e0330c645fff108dd049d94d7d"
  name = "github.com/gogo/protobuf"
  packages = ["proto"]
  pruneopts = "UT"
  revision = "909568be09de550ed094403c2bf8a261b5bb730a"
  version = "v0.3"

[[projects]]
  branch = "master"
  digest = "1:1ba1d79f2810270045c328ae5d674321db34e3aae468eb4233883b473c5c0467"
  name = "github.com/golang/glog"
  packages = ["."]
  pruneopts = "UT"
  revision = "23def4e6c14b4da8ac2ed8007337bc5eb5007998"

[[projects]]
  digest = "1:1569ecaa0d58425d100322dadc429ff1ec0999876067088eac6f62d1073d7f10"
  name = "github.com/hashicorp/hcl"
  packages = [
    ".",
    "hcl/ast",
    "hcl/parser",
    "hcl/scanner",
    "hcl/strconv",
    "hcl/token",
    "json/parser",
    "json/scanner",
    "json/token",
  ]
  pruneopts = "UT"
  revision = "6e968a3fcdcbab092f5307fd0d85479d5af1e4dc"

[[projects]]
  digest = "1:81780a09277ee80f2bfbb90da6f51b5de95423db6cde8ff6d72cd20eba989bba"
  name = "github.com/kr/fs"
  packages = ["."]
  pruneopts = "UT"
  revision = "2788f0dbd16903de03cb8186e5c7d97b69ad387b"

[[projects]]
  digest = "1:ad64e297f65e4e80644e3010363f555644d22966db06e3634c6ceb2a856589cb"
  name = "github.com/magiconair/properties"
  packages = ["."]
  pruneopts = "UT"
  revision = "0723e352fa358f9322c938cc2dadda874e9151a9"

[[projects]]
  digest = "1:0461ba09105df2f1c1e52d6522427a2935e1691028bc5367f3e682956426ba86"
  name = "github.com/mesos/mesos-go"
  packages = [
    "examples/Godeps/_workspace/src/github.com/stretchr/testify/assert",
    "executor",
    "mesosproto",
    "mesosproto/scheduler",
    "mesosutil",
    "mesosutil/process",
    "messenger",
    "messenger/sessionid",
    "upid",
  ]
  pruneopts = "UT"
  revision = "7228b13084ce3ea645dbf7c8ecb5704301a6eadf"
  version = "mesos-0.26.0"

[[projects]]
  digest = "1:511aec95cfdfd74f7eeb6e519649cf488fcc35dace36fad58c78557ebce70dc3"
  name = "github.com/mitchellh/mapstructure"
  packages = ["."]
  pruneopts = "UT"
  revision = "f3009df150dadf309fdee4a54ed65c124afad715"

[[projects]]
  digest = "1:08587b4d073d8e1168f28e6a2162f0816e5d6718ce7f20d8f812cee3abec578e"
  name = "github.com/paypal/gorealis"
  packages = [
    ".",
    "gen-go/apache/aurora",
    "response",
  ]
  pruneopts = "UT"
  revision = "9631aa3aab9964631946814fa0d8b99a133c982f"
  version = "v1.1.0"

[[projects]]
  digest = "1:361de06aa7ae272616cbe71c3994a654cc6316324e30998e650f7765b20c5b33"
  name = "github.com/pborman/uuid"
  packages = ["."]
  pruneopts = "UT"
  revision = "1b00554d822231195d1babd97ff4a781231955c9"

[[projects]]
  digest = "1:c416b52f6afb8f40cd1ca987ca53c38e65bd169d3de6d89d729880ddf91670f0"
  name = "github.com/pelletier/go-buffruneio"
  packages = ["."]
  pruneopts = "UT"
  revision = "df1e16fde7fc330a0ca68167c23bf7ed6ac31d6d"
  version = "v0.1.0"

[[projects]]
  digest = "1:c47944e75eb63776d3d4a57a3a35cd8d932d5122301e69e4a16113cc57da58d7"
  name = "github.com/pelletier/go-toml"
  packages = ["."]
  pruneopts = "UT"
  revision = "45932ad32dfdd20826f5671da37a5f3ce9f26a8d"

[[projects]]
  digest = "1:40e195917a951a8bf867cd05de2a46aaf1806c50cf92eebf4c16f78cd196f747"
  name = "github.com/pkg/errors"
  packages = ["."]
  pruneopts = "UT"
  revision = "645ef00459ed84a119197bfb8d8205042c6df63d"
  version = "v0.8.0"

[[projects]]
  digest = "1:8c2de3d113427f30484c85b8fdb3286a567e2af8e60b379f8d85e3af90e20089"
  name = "github.com/pkg/sftp"
  packages = ["."]
  pruneopts = "UT"
  revision = "4d0e916071f68db74f8a73926335f809396d6b42"

[[projects]]
  digest = "1:0028cb19b2e4c3112225cd871870f2d9cf49b9b4276531f03438a88e94be86fe"
  name = "github.com/pmezard/go-difflib"
  packages = ["difflib"]
  pruneopts = "UT"
  revision = "792786c7400a136282c1664665ae0a8db921c6c2"
  version = "v1.0.0"

[[projects]]
  digest = "1:90d97b739fa8fd93b00a3a7a896cf8e4af5f2ee301f9b638670cb074b8fcd315"
  name = "github.com/samuel/go-zookeeper"
  packages = ["zk"]
  pruneopts = "UT"
  revision = "471cd4e61d7a78ece1791fa5faa0345dc8c7d5a5"

[[projects]]
  digest = "1:f8ea8635717622a9ede1bd911161a108cb499b686589335350fcaa80710d6a66"
  name = "github.com/sirupsen/logrus"
  packages = ["."]
  pruneopts = "UT"
  revision = "c078b1e43f58d563c74cebe63c85789e76ddb627"
  version = "v0.11.2"

[[projects]]
  digest = "1:ad377bd8cc2628c57276e9f880e5211774c916edb8139716b3153092b028c58c"
  name = "github.com/spf13/afero"
  packages = [
    ".",
    "mem",
    "sftp",
  ]
  pruneopts = "UT"
  revision = "52e4a6cfac46163658bd4f123c49b6ee7dc75f78"

[[projects]]
  digest = "1:964ec0e39dbdedeb872407141c0d196f1c66a88796993c2695db293bc3ff99c5"
  name = "github.com/spf13/cast"
  packages = ["."]
  pruneopts = "UT"
  revision = "2580bc98dc0e62908119e4737030cc2fdfc45e4c"

[[projects]]
  digest = "1:16c1437fdd40ea6e3419868c7ee065376bb36c660c63d86dc858bdf05d20033d"
  name = "github.com/spf13/jwalterweatherman"
  packages = ["."]
  pruneopts = "UT"
  revision = "33c24e77fb80341fe7130ee7c594256ff08ccc46"

[[projects]]
  digest = "1:ce8848a6fa8a2014d5fd57b5caa9c3c8000e29fb4cfe1b5e3c3d340ce766d56e"
  name = "github.com/spf13/pflag"
  packages = ["."]
  pruneopts = "UT"
  revision = "5ccb023bc27df288a957c5e994cd44fd19619465"

[[projects]]
  digest = "1:a3e23d8d7624858fb5b8b6b948f28f42539b1a8f4ee2ecb0b6e4df4d1d3347fb"
  name = "github.com/spf13/viper"
  packages = ["."]
  pruneopts = "UT"
  revision = "651d9d916abc3c3d6a91a12549495caba5edffd2"

[[projects]]
  digest = "1:a7496c8d47f794d15a6e41f8ada426d4a41c038fac9bd75c1abc30faacf469c9"
  name = "github.com/stretchr/testify"
  packages = ["assert"]
  pruneopts = "UT"
  revision = "87b1dfb5b2fa649f52695dd9eae19abe404a4308"

[[projects]]
  digest = "1:16cacad67a9ba8e34d66c9c17ee34bcc0d28666d249db7ee2c2604d545a604ad"
  name = "golang.org/x/crypto"
  packages = [
    "curve25519",
    "ed25519",
    "ed25519/internal/edwards25519",
    "ssh",
  ]
  pruneopts = "UT"
  revision = "9477e0b78b9ac3d0b03822fd95422e2fe07627cd"

[[projects]]
  digest = "1:76ee51c3f468493aff39dbacc401e8831fbb765104cbf613b89bef01cf4bad70"
  name = "golang.org/x/net"
  packages = ["context"]
  pruneopts = "UT"
  revision = "5ccada7d0a7ba9aeb5d3aca8d3501b4c2a509fec"

[[projects]]
  digest = "1:b87e0acacb14282fe3084151766e31b3218d5077182910b6ce9f3e503974775a"
  name = "golang.org/x/sys"
  packages = ["unix"]
  pruneopts = "UT"
  revision = "c200b10b5d5e122be351b67af224adc6128af5bf"

[[projects]]
  digest = "1:6d98ba2a94ebd6fb318aa7a4254cb9b666441afa6bcace0f176be59f156c6fa9"
  name = "golang.org/x/text"
  packages = [
    "internal/gen",
    "internal/triegen",
    "internal/ucd",
    "transform",
    "unicode/cldr",
    "unicode/norm",
  ]
  pruneopts = "UT"
  revision = "a8b38433e35b65ba247bb267317037dee1b70cea"

[[projects]]
  digest = "1:cacb98d52c60c337c2ce95a7af83ba0313a93ce5e73fa9e99a96aff70776b9d3"
  name = "gopkg.in/yaml.v2"
  packages = ["."]
  pruneopts = "UT"
  revision = "a5b47d31c556af34a302ce5d659e6fea44d90de0"

[solve-meta]
  analyzer-name = "dep"
  analyzer-version = 1
  input-imports = [
    "git.apache.org/thrift.git/lib/go/thrift",
    "github.com/mesos/mesos-go/examples/Godeps/_workspace/src/github.com/stretchr/testify/assert",
    "github.com/mesos/mesos-go/executor",
    "github.com/mesos/mesos-go/mesosproto",
    "github.com/paypal/gorealis",
    "github.com/paypal/gorealis/gen-go/apache/aurora",
    "github.com/paypal/gorealis/response",
    "github.com/pkg/errors",
    "github.com/sirupsen/logrus",
    "github.com/spf13/viper",
    "github.com/stretchr/testify/assert",
    "gopkg.in/yaml.v2",
  ]
  solver-name = "gps-cdcl"
  solver-version = 1
